
Microsoft Visual Studio Solution File, Format Version 12.00
# Visual Studio Version 17
VisualStudioVersion = 17.3.32929.385
MinimumVisualStudioVersion = 10.0.40219.1
Project("{FAE04EC0-301F-11D3-BF4B-00C04F79EFBC}") = "ADBMS", "ADBMS.csproj", "{C38EEBD8-C560-4272-8B7D-C3C6DBB68782}"
EndProject
Global
	GlobalSection(SolutionConfigurationPlatforms) = preSolution
		Debug|Any CPU = Debug|Any CPU
		Release|Any CPU = Release|Any CPU
	EndGlobalSection
	GlobalSection(ProjectConfigurationPlatforms) = postSolution
		{C38EEBD8-C560-4272-8B7D-C3C6DBB68782}.Debug|Any CPU.ActiveCfg = Debug|Any CPU
		{C38EEBD8-C560-4272-8B7D-C3C6DBB68782}.Debug|Any CPU.Build.0 = Debug|Any CPU
		{C38EEBD8-C560-4272-8B7D-C3C6DBB68782}.Release|Any CPU.ActiveCfg = Release|Any CPU
		{C38EEBD8-C560-4272-8B7D-C3C6DBB68782}.Release|Any CPU.Build.0 = Release|Any CPU
	EndGlobalSection
	GlobalSection(SolutionProperties) = preSolution
		HideSolutionNode = FALSE
	EndGlobalSection
	GlobalSection(ExtensibilityGlobals) = postSolution
		SolutionGuid = {B88471C3-563A-44F9-B72F-09DDD5C96644}
	EndGlobalSection
EndGlobal
